github.com/frankban/quicktest v1.5.0/go.mod h1:jaStnuzAqU1AJdCO0l53JDCJrVDKcS03DbaAcR7Ks/o=
github.com/google/go-cmp v0.3.1/go.mod h1:8QqcDgzrUqlUb/G2PQTWiueGozuR1884gddMywk6iLU=
github.com/kr/pretty v0.1.0/go.mod h1:dAy3ld7l9f0ibDNOQOHHMYYIIbhfbHSm3C4ZsoJORNo=
github.com/kr/pty v1.1.1/go.mod h1:pFQYn66WHrOpPYNljwOMqo10TkYh1fy3cYio2l3bCsQ=
github.com/kr/text v0.1.0/go.mod h1:4Jbv+DJW3UT/LiOwJeYQe1efqtUx/iVham/4vfdArNI=
github.com/liserjrqlxue/goUtil v0.0.14 h1:MZAybjj/MHXaA1ZPXTvWSemG8JeK5nv6lhYB7IDXxIw=
github.com/liserjrqlxue/goUtil v0.0.14/go.mod h1:I+ZuTdYWyUfElQfcB8VfnBdr4EN1Z23NxP6Rm62Qetw=
github.com/tealeg/xlsx/v2 v2.0.1/go.mod h1:l9GvhCCjdaIGkAyZcFedDALcYcXUOei55f6umRMOz9c=
gopkg.in/check.v1 v1.0.0-20190902080502-41f04d3bba15/go.mod h1:Co6ibVJAznAaIkqp8huTwlJQCZ016jof/cbN4VW5Yz0=
